NeoBundleLock ctrlp.vim 28fce0fb860fe8df0915da1de1fb6e90d6ab2edc
NeoBundleLock neobundle.vim 380d9d299300019c0a9970ae6b87faabedab0747
NeoBundleLock syntastic c2c6a075113adbfcc4f1ad5b1c0200a0d35ceeb6
NeoBundleLock unite.vim 503e03fdf1485e8f54cbe76d09bf608fcde29107
NeoBundleLock vim-browsereload-mac b73cc98c18c28869ed99562f6a3c142cb2906029
NeoBundleLock vim-endwise 0067ceda37725d01b7bd5bf249d63b1b5d4e2ab4
NeoBundleLock vim-indent-guides 018298ead9d3aa9cd3b4ae222f81022a33978b09
NeoBundleLock vim-rspec 2cf8c5002cb89eb8e9aabe59d25b89dc5afec88a
NeoBundleLock vim-rubocop 1c57918086d22cc9db829125f6b78226feae86a3
NeoBundleLock vimfiler 3d8005116768ec97d300309be3cb339580e7e14b
