NeoBundleLock ctrlp.vim 46a2986994e9550c198bc106e07a2a56c376696c
NeoBundleLock neobundle.vim 9c62a8fcf9eb42d3956c703943c99f06a63112e6
NeoBundleLock powerline 6e2e0b2f9221fbff117be3d190f9293b40ba64cd
NeoBundleLock syntastic f527cb1a2d768cb48464048724172160c72f6a51
NeoBundleLock unite.vim af6e6459e5eb11796cf535246043f0eaf29fd3de
NeoBundleLock vim-browsereload-mac b73cc98c18c28869ed99562f6a3c142cb2906029
NeoBundleLock vim-coffee-script 5de5f371a90d714296466239071473788865b6ef
NeoBundleLock vim-endwise 0067ceda37725d01b7bd5bf249d63b1b5d4e2ab4
NeoBundleLock vim-indent-guides 018298ead9d3aa9cd3b4ae222f81022a33978b09
NeoBundleLock vim-rails f35e42632bfda7bfa7c6c8e2dad7f0498caac6e2
NeoBundleLock vim-rspec 2cf8c5002cb89eb8e9aabe59d25b89dc5afec88a
NeoBundleLock vim-rubocop 1c57918086d22cc9db829125f6b78226feae86a3
NeoBundleLock vim-slim 1942fe27147ddcc9b1d7196ca2ac4217fe545014
NeoBundleLock vim-tags e75dea76e488d9208ed73c53c46a4abee2695115
NeoBundleLock vimfiler 7d2456d692c737f1532886e6c26acd55e0a45168
